<?xml version="1.0" encoding="utf-8"?>
<Project ToolsVersion="4.0" xmlns="http://schemas.microsoft.com/developer/msbuild/2003">
  <ItemGroup>
    <Filter Include="Source Files">
      <UniqueIdentifier>{4FC737F1-C7A5-4376-A066-2A32D752A2FF}</UniqueIdentifier>
      <Extensions>cpp;c;cc;cxx;def;odl;idl;hpj;bat;asm;asmx</Extensions>
    </Filter>
    <Filter Include="Header Files">
      <UniqueIdentifier>{93995380-89BD-4b04-88EB-625FBE52EBFB}</UniqueIdentifier>
      <Extensions>h;hh;hpp;hxx;hm;inl;inc;ipp;xsd</Extensions>
    </Filter>
    <Filter Include="Resource Files">
      <UniqueIdentifier>{67DA6AB6-F800-4c08-8B7A-83BB121AAD01}</UniqueIdentifier>
      <Extensions>rc;ico;cur;bmp;dlg;rc2;rct;bin;rgs;gif;jpg;jpeg;jpe;resx;tiff;tif;png;wav;mfcribbon-ms</Extensions>
    </Filter>
  </ItemGroup>
  <ItemGroup>
    <ClInclude Include="framework.h">
      <Filter>Header Files</Filter>
    </ClInclude>
    <ClInclude Include="targetver.h">
      <Filter>Header Files</Filter>
    </ClInclude>
    <ClInclude Include="Resource.h">
      <Filter>Header Files</Filter>
    </ClInclude>
    <ClInclude Include="pch.h">
      <Filter>Header Files</Filter>
    </ClInclude>
    <ClInclude Include="CMyWindow.h">
      <Filter>Header Files</Filter>
    </ClInclude>
    <ClInclude Include="CMyStaticWindow.h">
      <Filter>Header Files</Filter>
    </ClInclude>
    <ClInclude Include="CMyCheckWndGroup.h">
      <Filter>Header Files</Filter>
    </ClInclude>
    <ClInclude Include="DudToolClientDlg.h">
      <Filter>Header Files</Filter>
    </ClInclude>
    <ClInclude Include="DudToolClient.h">
      <Filter>Header Files</Filter>
    </ClInclude>
    <ClInclude Include="CMyExpandWnd.h">
      <Filter>Header Files</Filter>
    </ClInclude>
    <ClInclude Include="CMyContainerWnd.h">
      <Filter>Header Files</Filter>
    </ClInclude>
    <ClInclude Include="CDataShowWnd.h">
      <Filter>Header Files</Filter>
    </ClInclude>
    <ClInclude Include="CMyButton.h">
      <Filter>Header Files</Filter>
    </ClInclude>
    <ClInclude Include="CDataShowTileWnd.h">
      <Filter>Header Files</Filter>
    </ClInclude>
    <ClInclude Include="CDataShowContentWnd.h">
      <Filter>Header Files</Filter>
    </ClInclude>
    <ClInclude Include="CMyLable.h">
      <Filter>Header Files</Filter>
    </ClInclude>
    <ClInclude Include="CDataShowBottomWnd.h">
      <Filter>Header Files</Filter>
    </ClInclude>
    <ClInclude Include="CommonDef.h">
      <Filter>Header Files</Filter>
    </ClInclude>
    <ClInclude Include="CEditEx.h">
      <Filter>Header Files</Filter>
    </ClInclude>
    <ClInclude Include="CLeftPannelWnd.h">
      <Filter>Header Files</Filter>
    </ClInclude>
    <ClInclude Include="CHomeChartWnd.h">
      <Filter>Header Files</Filter>
    </ClInclude>
    <ClInclude Include="CUserManagerWnd.h">
      <Filter>Header Files</Filter>
    </ClInclude>
    <ClInclude Include="CMylistCtrlWnd.h">
      <Filter>Header Files</Filter>
    </ClInclude>
    <ClInclude Include="CRoleManagerWnd.h">
      <Filter>Header Files</Filter>
    </ClInclude>
    <ClInclude Include="CUserInfoWnd.h">
      <Filter>Header Files</Filter>
    </ClInclude>
    <ClInclude Include="CLoginDlg.h">
      <Filter>Header Files</Filter>
    </ClInclude>
  </ItemGroup>
  <ItemGroup>
    <ClCompile Include="pch.cpp">
      <Filter>Source Files</Filter>
    </ClCompile>
    <ClCompile Include="CMyWindow.cpp">
      <Filter>Source Files</Filter>
    </ClCompile>
    <ClCompile Include="CMyStaticWindow.cpp">
      <Filter>Source Files</Filter>
    </ClCompile>
    <ClCompile Include="CMyCheckWndGroup.cpp">
      <Filter>Source Files</Filter>
    </ClCompile>
    <ClCompile Include="DudToolClientDlg.cpp">
      <Filter>Source Files</Filter>
    </ClCompile>
    <ClCompile Include="DudToolClient.cpp">
      <Filter>Source Files</Filter>
    </ClCompile>
    <ClCompile Include="CMyExpandWnd.cpp">
      <Filter>Source Files</Filter>
    </ClCompile>
    <ClCompile Include="CMyContainerWnd.cpp">
      <Filter>Source Files</Filter>
    </ClCompile>
    <ClCompile Include="CDataShowWnd.cpp">
      <Filter>Source Files</Filter>
    </ClCompile>
    <ClCompile Include="CMyButton.cpp">
      <Filter>Source Files</Filter>
    </ClCompile>
    <ClCompile Include="CDataShowTileWnd.cpp">
      <Filter>Source Files</Filter>
    </ClCompile>
    <ClCompile Include="CDataShowContentWnd.cpp">
      <Filter>Source Files</Filter>
    </ClCompile>
    <ClCompile Include="CMyLable.cpp">
      <Filter>Source Files</Filter>
    </ClCompile>
    <ClCompile Include="CDataShowBottomWnd.cpp">
      <Filter>Source Files</Filter>
    </ClCompile>
    <ClCompile Include="CEditEx.cpp">
      <Filter>Source Files</Filter>
    </ClCompile>
    <ClCompile Include="CLeftPannelWnd.cpp">
      <Filter>Source Files</Filter>
    </ClCompile>
    <ClCompile Include="CHomeChartWnd.cpp">
      <Filter>Source Files</Filter>
    </ClCompile>
    <ClCompile Include="CUserManagerWnd.cpp">
      <Filter>Source Files</Filter>
    </ClCompile>
    <ClCompile Include="CMylistCtrlWnd.cpp">
      <Filter>Source Files</Filter>
    </ClCompile>
    <ClCompile Include="CRoleManagerWnd.cpp">
      <Filter>Source Files</Filter>
    </ClCompile>
    <ClCompile Include="CUserInfoWnd.cpp">
      <Filter>Source Files</Filter>
    </ClCompile>
    <ClCompile Include="CLoginDlg.cpp">
      <Filter>Source Files</Filter>
    </ClCompile>
  </ItemGroup>
  <ItemGroup>
    <ResourceCompile Include="MFCApplication2.rc">
      <Filter>Resource Files</Filter>
    </ResourceCompile>
  </ItemGroup>
  <ItemGroup>
    <None Include="res\MFCApplication2.rc2">
      <Filter>Resource Files</Filter>
    </None>
  </ItemGroup>
  <ItemGroup>
    <Image Include="res\MFCApplication2.ico">
      <Filter>Resource Files</Filter>
    </Image>
    <Image Include="res\superMaria.png">
      <Filter>Resource Files</Filter>
    </Image>
    <Image Include="res\logo.png">
      <Filter>Resource Files</Filter>
    </Image>
    <Image Include="res\home_select.png">
      <Filter>Resource Files</Filter>
    </Image>
    <Image Include="res\home_unselect.png">
      <Filter>Resource Files</Filter>
    </Image>
    <Image Include="res\xuanzhong.png">
      <Filter>Resource Files</Filter>
    </Image>
    <Image Include="res\data_select.png">
      <Filter>Resource Files</Filter>
    </Image>
    <Image Include="res\data_unselect.png">
      <Filter>Resource Files</Filter>
    </Image>
    <Image Include="res\expand.png">
      <Filter>Resource Files</Filter>
    </Image>
    <Image Include="res\unexpand.png">
      <Filter>Resource Files</Filter>
    </Image>
    <Image Include="res\tubiao.png">
      <Filter>Resource Files</Filter>
    </Image>
    <Image Include="res\yiyuanfenbu.png">
      <Filter>Resource Files</Filter>
    </Image>
    <Image Include="res\yonghuxinxi.png">
      <Filter>Resource Files</Filter>
    </Image>
    <Image Include="res\zuixinruanjian.png">
      <Filter>Resource Files</Filter>
    </Image>
    <Image Include="res\lan.png">
      <Filter>Resource Files</Filter>
    </Image>
    <Image Include="res\huang.png">
      <Filter>Resource Files</Filter>
    </Image>
  </ItemGroup>
</Project>